
Microsoft Visual Studio Solution File, Format Version 12.00
# Visual Studio Version 17
VisualStudioVersion = 17.9.34714.143
MinimumVisualStudioVersion = 10.0.40219.1
Project("{FAE04EC0-301F-11D3-BF4B-00C04F79EFBC}") = "Proyecto 1", "Proyecto 1.csproj", "{99FD85E7-364C-4832-B8C1-A1FDCD4F980B}"
EndProject
Global
	GlobalSection(SolutionConfigurationPlatforms) = preSolution
		Debug|Any CPU = Debug|Any CPU
		Release|Any CPU = Release|Any CPU
	EndGlobalSection
	GlobalSection(ProjectConfigurationPlatforms) = postSolution
		{99FD85E7-364C-4832-B8C1-A1FDCD4F980B}.Debug|Any CPU.ActiveCfg = Debug|Any CPU
		{99FD85E7-364C-4832-B8C1-A1FDCD4F980B}.Debug|Any CPU.Build.0 = Debug|Any CPU
		{99FD85E7-364C-4832-B8C1-A1FDCD4F980B}.Release|Any CPU.ActiveCfg = Release|Any CPU
		{99FD85E7-364C-4832-B8C1-A1FDCD4F980B}.Release|Any CPU.Build.0 = Release|Any CPU
	EndGlobalSection
	GlobalSection(SolutionProperties) = preSolution
		HideSolutionNode = FALSE
	EndGlobalSection
	GlobalSection(ExtensibilityGlobals) = postSolution
		SolutionGuid = {E4082DB9-277C-4458-9DE3-E6AD1A2FE22F}
	EndGlobalSection
EndGlobal
